
Microsoft Visual Studio Solution File, Format Version 12.00
# Visual Studio Version 16
VisualStudioVersion = 25.0.1703.8
MinimumVisualStudioVersion = 10.0.40219.1
Project("{FAE04EC0-301F-11D3-BF4B-00C04F79EFBC}") = "ExperimentWithControlsBlazor", "ExperimentWithControlsBlazor\ExperimentWithControlsBlazor.csproj", "{DEE2D370-BE77-40EC-8828-D10CB565D73B}"
EndProject
Global
	GlobalSection(SolutionConfigurationPlatforms) = preSolution
		Debug|Any CPU = Debug|Any CPU
		Release|Any CPU = Release|Any CPU
	EndGlobalSection
	GlobalSection(ProjectConfigurationPlatforms) = postSolution
		{DEE2D370-BE77-40EC-8828-D10CB565D73B}.Debug|Any CPU.ActiveCfg = Debug|Any CPU
		{DEE2D370-BE77-40EC-8828-D10CB565D73B}.Debug|Any CPU.Build.0 = Debug|Any CPU
		{DEE2D370-BE77-40EC-8828-D10CB565D73B}.Release|Any CPU.ActiveCfg = Release|Any CPU
		{DEE2D370-BE77-40EC-8828-D10CB565D73B}.Release|Any CPU.Build.0 = Release|Any CPU
	EndGlobalSection
	GlobalSection(SolutionProperties) = preSolution
		HideSolutionNode = FALSE
	EndGlobalSection
	GlobalSection(ExtensibilityGlobals) = postSolution
		SolutionGuid = {DE0F14C4-BE6A-46E1-A7DA-5EE2BBE0CE44}
	EndGlobalSection
EndGlobal
